
Microsoft Visual Studio Solution File, Format Version 12.00
# Visual Studio 15
VisualStudioVersion = 15.0.26430.6
MinimumVisualStudioVersion = 10.0.40219.1
Project("{9A19103F-16F7-4668-BE54-9A1E7A4F7556}") = "SlackPOC.Console", "SlackPOC.Console\SlackPOC.Console.csproj", "{F383273D-EE44-4BC2-B23B-1C547702CA41}"
EndProject
Project("{9A19103F-16F7-4668-BE54-9A1E7A4F7556}") = "SlackPOC.Core", "SlackPOC.Core\SlackPOC.Core.csproj", "{8E3CDE79-94BC-46EF-BACB-0BE1BD171C58}"
EndProject
Project("{9A19103F-16F7-4668-BE54-9A1E7A4F7556}") = "SlackAPI.NetCore", "..\..\..\SlackAPI\SlackAPI\SlackAPI.NetCore.csproj", "{B24705DA-C011-4D34-A95C-CE609944E5D6}"
EndProject
Global
	GlobalSection(SolutionConfigurationPlatforms) = preSolution
		Debug|Any CPU = Debug|Any CPU
		Release|Any CPU = Release|Any CPU
	EndGlobalSection
	GlobalSection(ProjectConfigurationPlatforms) = postSolution
		{F383273D-EE44-4BC2-B23B-1C547702CA41}.Debug|Any CPU.ActiveCfg = Debug|Any CPU
		{F383273D-EE44-4BC2-B23B-1C547702CA41}.Debug|Any CPU.Build.0 = Debug|Any CPU
		{F383273D-EE44-4BC2-B23B-1C547702CA41}.Release|Any CPU.ActiveCfg = Release|Any CPU
		{F383273D-EE44-4BC2-B23B-1C547702CA41}.Release|Any CPU.Build.0 = Release|Any CPU
		{8E3CDE79-94BC-46EF-BACB-0BE1BD171C58}.Debug|Any CPU.ActiveCfg = Debug|Any CPU
		{8E3CDE79-94BC-46EF-BACB-0BE1BD171C58}.Debug|Any CPU.Build.0 = Debug|Any CPU
		{8E3CDE79-94BC-46EF-BACB-0BE1BD171C58}.Release|Any CPU.ActiveCfg = Release|Any CPU
		{8E3CDE79-94BC-46EF-BACB-0BE1BD171C58}.Release|Any CPU.Build.0 = Release|Any CPU
		{B24705DA-C011-4D34-A95C-CE609944E5D6}.Debug|Any CPU.ActiveCfg = Debug|Any CPU
		{B24705DA-C011-4D34-A95C-CE609944E5D6}.Debug|Any CPU.Build.0 = Debug|Any CPU
		{B24705DA-C011-4D34-A95C-CE609944E5D6}.Release|Any CPU.ActiveCfg = Release|Any CPU
		{B24705DA-C011-4D34-A95C-CE609944E5D6}.Release|Any CPU.Build.0 = Release|Any CPU
	EndGlobalSection
	GlobalSection(SolutionProperties) = preSolution
		HideSolutionNode = FALSE
	EndGlobalSection
EndGlobal
